# This file is automatically @generated by Cargo.
# It is not intended for manual editing.
version = 4

[[package]]
name = "libc"
version = "0.2.175"
source = "registry+https://github.com/rust-lang/crates.io-index"
checksum = "6a82ae493e598baaea5209805c49bbf2ea7de956d50d7da0da1164f9c6d28543"

[[package]]
name = "maligned"
version = "0.2.1"
source = "registry+https://github.com/rust-lang/crates.io-index"
checksum = "7e88c3cbe8288f77f293e48a28b3232e3defd203a6d839fa7f68ea4329e83464"

[[package]]
name = "rustydrive"
version = "0.1.0"
dependencies = [
 "libc",
 "maligned",
]
